
Microsoft Visual Studio Solution File, Format Version 12.00
# Visual Studio Version 17
VisualStudioVersion = 17.14.36327.8 d17.14
MinimumVisualStudioVersion = 10.0.40219.1
Project("{FAE04EC0-301F-11D3-BF4B-00C04F79EFBC}") = "Assignment 2", "Assignment 2.csproj", "{7F75A2AE-0BE3-43F7-9D6B-3302E7720A22}"
EndProject
Global
	GlobalSection(SolutionConfigurationPlatforms) = preSolution
		Debug|Any CPU = Debug|Any CPU
		Release|Any CPU = Release|Any CPU
	EndGlobalSection
	GlobalSection(ProjectConfigurationPlatforms) = postSolution
		{7F75A2AE-0BE3-43F7-9D6B-3302E7720A22}.Debug|Any CPU.ActiveCfg = Debug|Any CPU
		{7F75A2AE-0BE3-43F7-9D6B-3302E7720A22}.Debug|Any CPU.Build.0 = Debug|Any CPU
		{7F75A2AE-0BE3-43F7-9D6B-3302E7720A22}.Release|Any CPU.ActiveCfg = Release|Any CPU
		{7F75A2AE-0BE3-43F7-9D6B-3302E7720A22}.Release|Any CPU.Build.0 = Release|Any CPU
	EndGlobalSection
	GlobalSection(SolutionProperties) = preSolution
		HideSolutionNode = FALSE
	EndGlobalSection
	GlobalSection(ExtensibilityGlobals) = postSolution
		SolutionGuid = {2C3465E0-A1C6-441F-80A1-1439E2D403F0}
	EndGlobalSection
EndGlobal
